// !$*UTF8*$!
{
	archiveVersion = 1;
	classes = {
	};
	objectVersion = 56;
	objects = {

/* Begin PBXBuildFile section */
		FBA06A032BAB18050001137D /* AppDelegate.swift in Sources */ = {isa = PBXBuildFile; fileRef = FBA06A022BAB18050001137D /* AppDelegate.swift */; };
		FBA06A052BAB18050001137D /* SceneDelegate.swift in Sources */ = {isa = PBXBuildFile; fileRef = FBA06A042BAB18050001137D /* SceneDelegate.swift */; };
		FBA06A072BAB18050001137D /* ViewController.swift in Sources */ = {isa = PBXBuildFile; fileRef = FBA06A062BAB18050001137D /* ViewController.swift */; };
		FBA06A0A2BAB18050001137D /* Base in Resources */ = {isa = PBXBuildFile; fileRef = FBA06A092BAB18050001137D /* Base */; };
		FBA06A0C2BAB18060001137D /* Assets.xcassets in Resources */ = {isa = PBXBuildFile; fileRef = FBA06A0B2BAB18060001137D /* Assets.xcassets */; };
		FBA06A0F2BAB18060001137D /* Base in Resources */ = {isa = PBXBuildFile; fileRef = FBA06A0E2BAB18060001137D /* Base */; };
		FBA06A1A2BAB18060001137D /* ClickerTests.swift in Sources */ = {isa = PBXBuildFile; fileRef = FBA06A192BAB18060001137D /* ClickerTests.swift */; };
		FBA06A242BAB18060001137D /* ClickerUITests.swift in Sources */ = {isa = PBXBuildFile; fileRef = FBA06A232BAB18060001137D /* ClickerUITests.swift */; };
		FBA06A262BAB18060001137D /* ClickerUITestsLaunchTests.swift in Sources */ = {isa = PBXBuildFile; fileRef = FBA06A252BAB18060001137D /* ClickerUITestsLaunchTests.swift */; };
/* End PBXBuildFile section */

/* Begin PBXContainerItemProxy section */
		FBA06A162BAB18060001137D /* PBXContainerItemProxy */ = {
			isa = PBXContainerItemProxy;
			containerPortal = FBA069F72BAB18050001137D /* Project object */;
			proxyType = 1;
			remoteGlobalIDString = FBA069FE2BAB18050001137D;
			remoteInfo = Clicker;
		};
		FBA06A202BAB18060001137D /* PBXContainerItemProxy */ = {
			isa = PBXContainerItemProxy;
			containerPortal = FBA069F72BAB18050001137D /* Project object */;
			proxyType = 1;
			remoteGlobalIDString = FBA069FE2BAB18050001137D;
			remoteInfo = Clicker;
		};
/* End PBXContainerItemProxy section */

/* Begin PBXFileReference section */
		FBA069FF2BAB18050001137D /* Clicker.app */ = {isa = PBXFileReference; explicitFileType = wrapper.application; includeInIndex = 0; path = Clicker.app; sourceTree = BUILT_PRODUCTS_DIR; };
		FBA06A022BAB18050001137D /* AppDelegate.swift */ = {isa = PBXFileReference; lastKnownFileType = sourcecode.swift; path = AppDelegate.swift; sourceTree = "<group>"; };
		FBA06A042BAB18050001137D /* SceneDelegate.swift */ = {isa = PBXFileReference; lastKnownFileType = sourcecode.swift; path = SceneDelegate.swift; sourceTree = "<group>"; };
		FBA06A062BAB18050001137D /* ViewController.swift */ = {isa = PBXFileReference; lastKnownFileType = sourcecode.swift; path = ViewController.swift; sourceTree = "<group>"; };
		FBA06A092BAB18050001137D /* Base */ = {isa = PBXFileReference; lastKnownFileType = file.storyboard; name = Base; path = Base.lproj/Main.storyboard; sourceTree = "<group>"; };
		FBA06A0B2BAB18060001137D /* Assets.xcassets */ = {isa = PBXFileReference; lastKnownFileType = folder.assetcatalog; path = Assets.xcassets; sourceTree = "<group>"; };
		FBA06A0E2BAB18060001137D /* Base */ = {isa = PBXFileReference; lastKnownFileType = file.storyboard; name = Base; path = Base.lproj/LaunchScreen.storyboard; sourceTree = "<group>"; };
		FBA06A102BAB18060001137D /* Info.plist */ = {isa = PBXFileReference; lastKnownFileType = text.plist.xml; path = Info.plist; sourceTree = "<group>"; };
		FBA06A152BAB18060001137D /* ClickerTests.xctest */ = {isa = PBXFileReference; explicitFileType = wrapper.cfbundle; includeInIndex = 0; path = ClickerTests.xctest; sourceTree = BUILT_PRODUCTS_DIR; };
		FBA06A192BAB18060001137D /* ClickerTests.swift */ = {isa = PBXFileReference; lastKnownFileType = sourcecode.swift; path = ClickerTests.swift; sourceTree = "<group>"; };
		FBA06A1F2BAB18060001137D /* ClickerUITests.xctest */ = {isa = PBXFileReference; explicitFileType = wrapper.cfbundle; includeInIndex = 0; path = ClickerUITests.xctest; sourceTree = BUILT_PRODUCTS_DIR; };
		FBA06A232BAB18060001137D /* ClickerUITests.swift */ = {isa = PBXFileReference; lastKnownFileType = sourcecode.swift; path = ClickerUITests.swift; sourceTree = "<group>"; };
		FBA06A252BAB18060001137D /* ClickerUITestsLaunchTests.swift */ = {isa = PBXFileReference; lastKnownFileType = sourcecode.swift; path = ClickerUITestsLaunchTests.swift; sourceTree = "<group>"; };
/* End PBXFileReference section */

/* Begin PBXFrameworksBuildPhase section */
		FBA069FC2BAB18050001137D /* Frameworks */ = {
			isa = PBXFrameworksBuildPhase;
			buildActionMask = 2147483647;
			files = (
			);
			runOnlyForDeploymentPostprocessing = 0;
		};
		FBA06A122BAB18060001137D /* Frameworks */ = {
			isa = PBXFrameworksBuildPhase;
			buildActionMask = 2147483647;
			files = (
			);
			runOnlyForDeploymentPostprocessing = 0;
		};
		FBA06A1C2BAB18060001137D /* Frameworks */ = {
			isa = PBXFrameworksBuildPhase;
			buildActionMask = 2147483647;
			files = (
			);
			runOnlyForDeploymentPostprocessing = 0;
		};
/* End PBXFrameworksBuildPhase section */

/* Begin PBXGroup section */
		FBA069F62BAB18050001137D = {
			isa = PBXGroup;
			children = (
				FBA06A012BAB18050001137D /* Clicker */,
				FBA06A182BAB18060001137D /* ClickerTests */,
				FBA06A222BAB18060001137D /* ClickerUITests */,
				FBA06A002BAB18050001137D /* Products */,
			);
			sourceTree = "<group>";
		};
		FBA06A002BAB18050001137D /* Products */ = {
			isa = PBXGroup;
			children = (
				FBA069FF2BAB18050001137D /* Clicker.app */,
				FBA06A152BAB18060001137D /* ClickerTests.xctest */,
				FBA06A1F2BAB18060001137D /* ClickerUITests.xctest */,
			);
			name = Products;
			sourceTree = "<group>";
		};
		FBA06A012BAB18050001137D /* Clicker */ = {
			isa = PBXGroup;
			children = (
				FBA06A022BAB18050001137D /* AppDelegate.swift */,
				FBA06A042BAB18050001137D /* SceneDelegate.swift */,
				FBA06A062BAB18050001137D /* ViewController.swift */,
				FBA06A082BAB18050001137D /* Main.storyboard */,
				FBA06A0B2BAB18060001137D /* Assets.xcassets */,
				FBA06A0D2BAB18060001137D /* LaunchScreen.storyboard */,
				FBA06A102BAB18060001137D /* Info.plist */,
			);
			path = Clicker;
			sourceTree = "<group>";
		};
		FBA06A182BAB18060001137D /* ClickerTests */ = {
			isa = PBXGroup;
			children = (
				FBA06A192BAB18060001137D /* ClickerTests.swift */,
			);
			path = ClickerTests;
			sourceTree = "<group>";
		};
		FBA06A222BAB18060001137D /* ClickerUITests */ = {
			isa = PBXGroup;
			children = (
				FBA06A232BAB18060001137D /* ClickerUITests.swift */,
				FBA06A252BAB18060001137D /* ClickerUITestsLaunchTests.swift */,
			);
			path = ClickerUITests;
			sourceTree = "<group>";
		};
/* End PBXGroup section */

/* Begin PBXNativeTarget section */
		FBA069FE2BAB18050001137D /* Clicker */ = {
			isa = PBXNativeTarget;
			buildConfigurationList = FBA06A292BAB18060001137D /* Build configuration list for PBXNativeTarget "Clicker" */;
			buildPhases = (
				FBA069FB2BAB18050001137D /* Sources */,
				FBA069FC2BAB18050001137D /* Frameworks */,
				FBA069FD2BAB18050001137D /* Resources */,
			);
			buildRules = (
			);
			dependencies = (
			);
			name = Clicker;
			productName = Clicker;
			productReference = FBA069FF2BAB18050001137D /* Clicker.app */;
			productType = "com.apple.product-type.application";
		};
		FBA06A142BAB18060001137D /* ClickerTests */ = {
			isa = PBXNativeTarget;
			buildConfigurationList = FBA06A2C2BAB18060001137D /* Build configuration list for PBXNativeTarget "ClickerTests" */;
			buildPhases = (
				FBA06A112BAB18060001137D /* Sources */,
				FBA06A122BAB18060001137D /* Frameworks */,
				FBA06A132BAB18060001137D /* Resources */,
			);
			buildRules = (
			);
			dependencies = (
				FBA06A172BAB18060001137D /* PBXTargetDependency */,
			);
			name = ClickerTests;
			productName = ClickerTests;
			productReference = FBA06A152BAB18060001137D /* ClickerTests.xctest */;
			productType = "com.apple.product-type.bundle.unit-test";
		};
		FBA06A1E2BAB18060001137D /* ClickerUITests */ = {
			isa = PBXNativeTarget;
			buildConfigurationList = FBA06A2F2BAB18060001137D /* Build configuration list for PBXNativeTarget "ClickerUITests" */;
			buildPhases = (
				FBA06A1B2BAB18060001137D /* Sources */,
				FBA06A1C2BAB18060001137D /* Frameworks */,
				FBA06A1D2BAB18060001137D /* Resources */,
			);
			buildRules = (
			);
			dependencies = (
				FBA06A212BAB18060001137D /* PBXTargetDependency */,
			);
			name = ClickerUITests;
			productName = ClickerUITests;
			productReference = FBA06A1F2BAB18060001137D /* ClickerUITests.xctest */;
			productType = "com.apple.product-type.bundle.ui-testing";
		};
/* End PBXNativeTarget section */

/* Begin PBXProject section */
		FBA069F72BAB18050001137D /* Project object */ = {
			isa = PBXProject;
			attributes = {
				BuildIndependentTargetsInParallel = 1;
				LastSwiftUpdateCheck = 1530;
				LastUpgradeCheck = 1530;
				TargetAttributes = {
					FBA069FE2BAB18050001137D = {
						CreatedOnToolsVersion = 15.3;
					};
					FBA06A142BAB18060001137D = {
						CreatedOnToolsVersion = 15.3;
						TestTargetID = FBA069FE2BAB18050001137D;
					};
					FBA06A1E2BAB18060001137D = {
						CreatedOnToolsVersion = 15.3;
						TestTargetID = FBA069FE2BAB18050001137D;
					};
				};
			};
			buildConfigurationList = FBA069FA2BAB18050001137D /* Build configuration list for PBXProject "Clicker" */;
			compatibilityVersion = "Xcode 14.0";
			developmentRegion = en;
			hasScannedForEncodings = 0;
			knownRegions = (
				en,
				Base,
			);
			mainGroup = FBA069F62BAB18050001137D;
			productRefGroup = FBA06A002BAB18050001137D /* Products */;
			projectDirPath = "";
			projectRoot = "";
			targets = (
				FBA069FE2BAB18050001137D /* Clicker */,
				FBA06A142BAB18060001137D /* ClickerTests */,
				FBA06A1E2BAB18060001137D /* ClickerUITests */,
			);
		};
/* End PBXProject section */

/* Begin PBXResourcesBuildPhase section */
		FBA069FD2BAB18050001137D /* Resources */ = {
			isa = PBXResourcesBuildPhase;
			buildActionMask = 2147483647;
			files = (
				FBA06A0C2BAB18060001137D /* Assets.xcassets in Resources */,
				FBA06A0F2BAB18060001137D /* Base in Resources */,
				FBA06A0A2BAB18050001137D /* Base in Resources */,
			);
			runOnlyForDeploymentPostprocessing = 0;
		};
		FBA06A132BAB18060001137D /* Resources */ = {
			isa = PBXResourcesBuildPhase;
			buildActionMask = 2147483647;
			files = (
			);
			runOnlyForDeploymentPostprocessing = 0;
		};
		FBA06A1D2BAB18060001137D /* Resources */ = {
			isa = PBXResourcesBuildPhase;
			buildActionMask = 2147483647;
			files = (
			);
			runOnlyForDeploymentPostprocessing = 0;
		};
/* End PBXResourcesBuildPhase section */

/* Begin PBXSourcesBuildPhase section */
		FBA069FB2BAB18050001137D /* Sources */ = {
			isa = PBXSourcesBuildPhase;
			buildActionMask = 2147483647;
			files = (
				FBA06A072BAB18050001137D /* ViewController.swift in Sources */,
				FBA06A032BAB18050001137D /* AppDelegate.swift in Sources */,
				FBA06A052BAB18050001137D /* SceneDelegate.swift in Sources */,
			);
			runOnlyForDeploymentPostprocessing = 0;
		};
		FBA06A112BAB18060001137D /* Sources */ = {
			isa = PBXSourcesBuildPhase;
			buildActionMask = 2147483647;
			files = (
				FBA06A1A2BAB18060001137D /* ClickerTests.swift in Sources */,
			);
			runOnlyForDeploymentPostprocessing = 0;
		};
		FBA06A1B2BAB18060001137D /* Sources */ = {
			isa = PBXSourcesBuildPhase;
			buildActionMask = 2147483647;
			files = (
				FBA06A262BAB18060001137D /* ClickerUITestsLaunchTests.swift in Sources */,
				FBA06A242BAB18060001137D /* ClickerUITests.swift in Sources */,
			);
			runOnlyForDeploymentPostprocessing = 0;
		};
/* End PBXSourcesBuildPhase section */

/* Begin PBXTargetDependency section */
		FBA06A172BAB18060001137D /* PBXTargetDependency */ = {
			isa = PBXTargetDependency;
			target = FBA069FE2BAB18050001137D /* Clicker */;
			targetProxy = FBA06A162BAB18060001137D /* PBXContainerItemProxy */;
		};
		FBA06A212BAB18060001137D /* PBXTargetDependency */ = {
			isa = PBXTargetDependency;
			target = FBA069FE2BAB18050001137D /* Clicker */;
			targetProxy = FBA06A202BAB18060001137D /* PBXContainerItemProxy */;
		};
/* End PBXTargetDependency section */

/* Begin PBXVariantGroup section */
		FBA06A082BAB18050001137D /* Main.storyboard */ = {
			isa = PBXVariantGroup;
			children = (
				FBA06A092BAB18050001137D /* Base */,
			);
			name = Main.storyboard;
			sourceTree = "<group>";
		};
		FBA06A0D2BAB18060001137D /* LaunchScreen.storyboard */ = {
			isa = PBXVariantGroup;
			children = (
				FBA06A0E2BAB18060001137D /* Base */,
			);
			name = LaunchScreen.storyboard;
			sourceTree = "<group>";
		};
/* End PBXVariantGroup section */

/* Begin XCBuildConfiguration section */
		FBA06A272BAB18060001137D /* Debug */ = {
			isa = XCBuildConfiguration;
			buildSettings = {
				ALWAYS_SEARCH_USER_PATHS = NO;
				ASSETCATALOG_COMPILER_GENERATE_SWIFT_ASSET_SYMBOL_EXTENSIONS = YES;
				CLANG_ANALYZER_NONNULL = YES;
				CLANG_ANALYZER_NUMBER_OBJECT_CONVERSION = YES_AGGRESSIVE;
				CLANG_CXX_LANGUAGE_STANDARD = "gnu++20";
				CLANG_ENABLE_MODULES = YES;
				CLANG_ENABLE_OBJC_ARC = YES;
				CLANG_ENABLE_OBJC_WEAK = YES;
				CLANG_WARN_BLOCK_CAPTURE_AUTORELEASING = YES;
				CLANG_WARN_BOOL_CONVERSION = YES;
				CLANG_WARN_COMMA = YES;
				CLANG_WARN_CONSTANT_CONVERSION = YES;
				CLANG_WARN_DEPRECATED_OBJC_IMPLEMENTATIONS = YES;
				CLANG_WARN_DIRECT_OBJC_ISA_USAGE = YES_ERROR;
				CLANG_WARN_DOCUMENTATION_COMMENTS = YES;
				CLANG_WARN_EMPTY_BODY = YES;
				CLANG_WARN_ENUM_CONVERSION = YES;
				CLANG_WARN_INFINITE_RECURSION = YES;
				CLANG_WARN_INT_CONVERSION = YES;
				CLANG_WARN_NON_LITERAL_NULL_CONVERSION = YES;
				CLANG_WARN_OBJC_IMPLICIT_RETAIN_SELF = YES;
				CLANG_WARN_OBJC_LITERAL_CONVERSION = YES;
				CLANG_WARN_OBJC_ROOT_CLASS = YES_ERROR;
				CLANG_WARN_QUOTED_INCLUDE_IN_FRAMEWORK_HEADER = YES;
				CLANG_WARN_RANGE_LOOP_ANALYSIS = YES;
				CLANG_WARN_STRICT_PROTOTYPES = YES;
				CLANG_WARN_SUSPICIOUS_MOVE = YES;
				CLANG_WARN_UNGUARDED_AVAILABILITY = YES_AGGRESSIVE;
				CLANG_WARN_UNREACHABLE_CODE = YES;
				CLANG_WARN__DUPLICATE_METHOD_MATCH = YES;
				COPY_PHASE_STRIP = NO;
				DEBUG_INFORMATION_FORMAT = dwarf;
				ENABLE_STRICT_OBJC_MSGSEND = YES;
				ENABLE_TESTABILITY = YES;
				ENABLE_USER_SCRIPT_SANDBOXING = YES;
				GCC_C_LANGUAGE_STANDARD = gnu17;
				GCC_DYNAMIC_NO_PIC = NO;
				GCC_NO_COMMON_BLOCKS = YES;
				GCC_OPTIMIZATION_LEVEL = 0;
				GCC_PREPROCESSOR_DEFINITIONS = (
					"DEBUG=1",
					"$(inherited)",
				);
				GCC_WARN_64_TO_32_BIT_CONVERSION = YES;
				GCC_WARN_ABOUT_RETURN_TYPE = YES_ERROR;
				GCC_WARN_UNDECLARED_SELECTOR = YES;
				GCC_WARN_UNINITIALIZED_AUTOS = YES_AGGRESSIVE;
				GCC_WARN_UNUSED_FUNCTION = YES;
				GCC_WARN_UNUSED_VARIABLE = YES;
				IPHONEOS_DEPLOYMENT_TARGET = 17.4;
				LOCALIZATION_PREFERS_STRING_CATALOGS = YES;
				MTL_ENABLE_DEBUG_INFO = INCLUDE_SOURCE;
				MTL_FAST_MATH = YES;
				ONLY_ACTIVE_ARCH = YES;
				SDKROOT = iphoneos;
				SWIFT_ACTIVE_COMPILATION_CONDITIONS = "DEBUG $(inherited)";
				SWIFT_OPTIMIZATION_LEVEL = "-Onone";
			};
			name = Debug;
		};
		FBA06A282BAB18060001137D /* Release */ = {
			isa = XCBuildConfiguration;
			buildSettings = {
				ALWAYS_SEARCH_USER_PATHS = NO;
				ASSETCATALOG_COMPILER_GENERATE_SWIFT_ASSET_SYMBOL_EXTENSIONS = YES;
				CLANG_ANALYZER_NONNULL = YES;
				CLANG_ANALYZER_NUMBER_OBJECT_CONVERSION = YES_AGGRESSIVE;
				CLANG_CXX_LANGUAGE_STANDARD = "gnu++20";
				CLANG_ENABLE_MODULES = YES;
				CLANG_ENABLE_OBJC_ARC = YES;
				CLANG_ENABLE_OBJC_WEAK = YES;
				CLANG_WARN_BLOCK_CAPTURE_AUTORELEASING = YES;
				CLANG_WARN_BOOL_CONVERSION = YES;
				CLANG_WARN_COMMA = YES;
				CLANG_WARN_CONSTANT_CONVERSION = YES;
				CLANG_WARN_DEPRECATED_OBJC_IMPLEMENTATIONS = YES;
				CLANG_WARN_DIRECT_OBJC_ISA_USAGE = YES_ERROR;
				CLANG_WARN_DOCUMENTATION_COMMENTS = YES;
				CLANG_WARN_EMPTY_BODY = YES;
				CLANG_WARN_ENUM_CONVERSION = YES;
				CLANG_WARN_INFINITE_RECURSION = YES;
				CLANG_WARN_INT_CONVERSION = YES;
				CLANG_WARN_NON_LITERAL_NULL_CONVERSION = YES;
				CLANG_WARN_OBJC_IMPLICIT_RETAIN_SELF = YES;
				CLANG_WARN_OBJC_LITERAL_CONVERSION = YES;
				CLANG_WARN_OBJC_ROOT_CLASS = YES_ERROR;
				CLANG_WARN_QUOTED_INCLUDE_IN_FRAMEWORK_HEADER = YES;
				CLANG_WARN_RANGE_LOOP_ANALYSIS = YES;
				CLANG_WARN_STRICT_PROTOTYPES = YES;
				CLANG_WARN_SUSPICIOUS_MOVE = YES;
				CLANG_WARN_UNGUARDED_AVAILABILITY = YES_AGGRESSIVE;
				CLANG_WARN_UNREACHABLE_CODE = YES;
				CLANG_WARN__DUPLICATE_METHOD_MATCH = YES;
				COPY_PHASE_STRIP = NO;
				DEBUG_INFORMATION_FORMAT = "dwarf-with-dsym";
				ENABLE_NS_ASSERTIONS = NO;
				ENABLE_STRICT_OBJC_MSGSEND = YES;
				ENABLE_USER_SCRIPT_SANDBOXING = YES;
				GCC_C_LANGUAGE_STANDARD = gnu17;
				GCC_NO_COMMON_BLOCKS = YES;
				GCC_WARN_64_TO_32_BIT_CONVERSION = YES;
				GCC_WARN_ABOUT_RETURN_TYPE = YES_ERROR;
				GCC_WARN_UNDECLARED_SELECTOR = YES;
				GCC_WARN_UNINITIALIZED_AUTOS = YES_AGGRESSIVE;
				GCC_WARN_UNUSED_FUNCTION = YES;
				GCC_WARN_UNUSED_VARIABLE = YES;
				IPHONEOS_DEPLOYMENT_TARGET = 17.4;
				LOCALIZATION_PREFERS_STRING_CATALOGS = YES;
				MTL_ENABLE_DEBUG_INFO = NO;
				MTL_FAST_MATH = YES;
				SDKROOT = iphoneos;
				SWIFT_COMPILATION_MODE = wholemodule;
				VALIDATE_PRODUCT = YES;
			};
			name = Release;
		};
		FBA06A2A2BAB18060001137D /* Debug */ = {
			isa = XCBuildConfiguration;
			buildSettings = {
				ASSETCATALOG_COMPILER_APPICON_NAME = AppIcon;
				ASSETCATALOG_COMPILER_GLOBAL_ACCENT_COLOR_NAME = AccentColor;
				CODE_SIGN_STYLE = Automatic;
				CURRENT_PROJECT_VERSION = 1;
				DEVELOPMENT_TEAM = 4LBCP6D63N;
				GENERATE_INFOPLIST_FILE = YES;
				INFOPLIST_FILE = Clicker/Info.plist;
				INFOPLIST_KEY_UIApplicationSupportsIndirectInputEvents = YES;
				INFOPLIST_KEY_UILaunchStoryboardName = LaunchScreen;
				INFOPLIST_KEY_UIMainStoryboardFile = Main;
				INFOPLIST_KEY_UISupportedInterfaceOrientations_iPad = "UIInterfaceOrientationPortrait UIInterfaceOrientationPortraitUpsideDown UIInterfaceOrientationLandscapeLeft UIInterfaceOrientationLandscapeRight";
				INFOPLIST_KEY_UISupportedInterfaceOrientations_iPhone = "UIInterfaceOrientationPortrait UIInterfaceOrientationLandscapeLeft UIInterfaceOrientationLandscapeRight";
				LD_RUNPATH_SEARCH_PATHS = (
					"$(inherited)",
					"@executable_path/Frameworks",
				);
				MARKETING_VERSION = 1.0;
				PRODUCT_BUNDLE_IDENTIFIER = com.example.Clicker;
				PRODUCT_NAME = "$(TARGET_NAME)";
				SWIFT_EMIT_LOC_STRINGS = YES;
				SWIFT_VERSION = 5.0;
				TARGETED_DEVICE_FAMILY = "1,2";
			};
			name = Debug;
		};
		FBA06A2B2BAB18060001137D /* Release */ = {
			isa = XCBuildConfiguration;
			buildSettings = {
				ASSETCATALOG_COMPILER_APPICON_NAME = AppIcon;
				ASSETCATALOG_COMPILER_GLOBAL_ACCENT_COLOR_NAME = AccentColor;
				CODE_SIGN_STYLE = Automatic;
				CURRENT_PROJECT_VERSION = 1;
				DEVELOPMENT_TEAM = 4LBCP6D63N;
				GENERATE_INFOPLIST_FILE = YES;
				INFOPLIST_FILE = Clicker/Info.plist;
				INFOPLIST_KEY_UIApplicationSupportsIndirectInputEvents = YES;
				INFOPLIST_KEY_UILaunchStoryboardName = LaunchScreen;
				INFOPLIST_KEY_UIMainStoryboardFile = Main;
				INFOPLIST_KEY_UISupportedInterfaceOrientations_iPad = "UIInterfaceOrientationPortrait UIInterfaceOrientationPortraitUpsideDown UIInterfaceOrientationLandscapeLeft UIInterfaceOrientationLandscapeRight";
				INFOPLIST_KEY_UISupportedInterfaceOrientations_iPhone = "UIInterfaceOrientationPortrait UIInterfaceOrientationLandscapeLeft UIInterfaceOrientationLandscapeRight";
				LD_RUNPATH_SEARCH_PATHS = (
					"$(inherited)",
					"@executable_path/Frameworks",
				);
				MARKETING_VERSION = 1.0;
				PRODUCT_BUNDLE_IDENTIFIER = com.example.Clicker;
				PRODUCT_NAME = "$(TARGET_NAME)";
				SWIFT_EMIT_LOC_STRINGS = YES;
				SWIFT_VERSION = 5.0;
				TARGETED_DEVICE_FAMILY = "1,2";
			};
			name = Release;
		};
		FBA06A2D2BAB18060001137D /* Debug */ = {
			isa = XCBuildConfiguration;
			buildSettings = {
				ALWAYS_EMBED_SWIFT_STANDARD_LIBRARIES = YES;
				BUNDLE_LOADER = "$(TEST_HOST)";
				CODE_SIGN_STYLE = Automatic;
				CURRENT_PROJECT_VERSION = 1;
				DEVELOPMENT_TEAM = 4LBCP6D63N;
				GENERATE_INFOPLIST_FILE = YES;
				IPHONEOS_DEPLOYMENT_TARGET = 17.4;
				MARKETING_VERSION = 1.0;
				PRODUCT_BUNDLE_IDENTIFIER = com.example.ClickerTests;
				PRODUCT_NAME = "$(TARGET_NAME)";
				SWIFT_EMIT_LOC_STRINGS = NO;
				SWIFT_VERSION = 5.0;
				TARGETED_DEVICE_FAMILY = "1,2";
				TEST_HOST = "$(BUILT_PRODUCTS_DIR)/Clicker.app/$(BUNDLE_EXECUTABLE_FOLDER_PATH)/Clicker";
			};
			name = Debug;
		};
		FBA06A2E2BAB18060001137D /* Release */ = {
			isa = XCBuildConfiguration;
			buildSettings = {
				ALWAYS_EMBED_SWIFT_STANDARD_LIBRARIES = YES;
				BUNDLE_LOADER = "$(TEST_HOST)";
				CODE_SIGN_STYLE = Automatic;
				CURRENT_PROJECT_VERSION = 1;
				DEVELOPMENT_TEAM = 4LBCP6D63N;
				GENERATE_INFOPLIST_FILE = YES;
				IPHONEOS_DEPLOYMENT_TARGET = 17.4;
				MARKETING_VERSION = 1.0;
				PRODUCT_BUNDLE_IDENTIFIER = com.example.ClickerTests;
				PRODUCT_NAME = "$(TARGET_NAME)";
				SWIFT_EMIT_LOC_STRINGS = NO;
				SWIFT_VERSION = 5.0;
				TARGETED_DEVICE_FAMILY = "1,2";
				TEST_HOST = "$(BUILT_PRODUCTS_DIR)/Clicker.app/$(BUNDLE_EXECUTABLE_FOLDER_PATH)/Clicker";
			};
			name = Release;
		};
		FBA06A302BAB18060001137D /* Debug */ = {
			isa = XCBuildConfiguration;
			buildSettings = {
				ALWAYS_EMBED_SWIFT_STANDARD_LIBRARIES = YES;
				CODE_SIGN_STYLE = Automatic;
				CURRENT_PROJECT_VERSION = 1;
				DEVELOPMENT_TEAM = 4LBCP6D63N;
				GENERATE_INFOPLIST_FILE = YES;
				MARKETING_VERSION = 1.0;
				PRODUCT_BUNDLE_IDENTIFIER = com.example.ClickerUITests;
				PRODUCT_NAME = "$(TARGET_NAME)";
				SWIFT_EMIT_LOC_STRINGS = NO;
				SWIFT_VERSION = 5.0;
				TARGETED_DEVICE_FAMILY = "1,2";
				TEST_TARGET_NAME = Clicker;
			};
			name = Debug;
		};
		FBA06A312BAB18060001137D /* Release */ = {
			isa = XCBuildConfiguration;
			buildSettings = {
				ALWAYS_EMBED_SWIFT_STANDARD_LIBRARIES = YES;
				CODE_SIGN_STYLE = Automatic;
				CURRENT_PROJECT_VERSION = 1;
				DEVELOPMENT_TEAM = 4LBCP6D63N;
				GENERATE_INFOPLIST_FILE = YES;
				MARKETING_VERSION = 1.0;
				PRODUCT_BUNDLE_IDENTIFIER = com.example.ClickerUITests;
				PRODUCT_NAME = "$(TARGET_NAME)";
				SWIFT_EMIT_LOC_STRINGS = NO;
				SWIFT_VERSION = 5.0;
				TARGETED_DEVICE_FAMILY = "1,2";
				TEST_TARGET_NAME = Clicker;
			};
			name = Release;
		};
/* End XCBuildConfiguration section */

/* Begin XCConfigurationList section */
		FBA069FA2BAB18050001137D /* Build configuration list for PBXProject "Clicker" */ = {
			isa = XCConfigurationList;
			buildConfigurations = (
				FBA06A272BAB18060001137D /* Debug */,
				FBA06A282BAB18060001137D /* Release */,
			);
			defaultConfigurationIsVisible = 0;
			defaultConfigurationName = Release;
		};
		FBA06A292BAB18060001137D /* Build configuration list for PBXNativeTarget "Clicker" */ = {
			isa = XCConfigurationList;
			buildConfigurations = (
				FBA06A2A2BAB18060001137D /* Debug */,
				FBA06A2B2BAB18060001137D /* Release */,
			);
			defaultConfigurationIsVisible = 0;
			defaultConfigurationName = Release;
		};
		FBA06A2C2BAB18060001137D /* Build configuration list for PBXNativeTarget "ClickerTests" */ = {
			isa = XCConfigurationList;
			buildConfigurations = (
				FBA06A2D2BAB18060001137D /* Debug */,
				FBA06A2E2BAB18060001137D /* Release */,
			);
			defaultConfigurationIsVisible = 0;
			defaultConfigurationName = Release;
		};
		FBA06A2F2BAB18060001137D /* Build configuration list for PBXNativeTarget "ClickerUITests" */ = {
			isa = XCConfigurationList;
			buildConfigurations = (
				FBA06A302BAB18060001137D /* Debug */,
				FBA06A312BAB18060001137D /* Release */,
			);
			defaultConfigurationIsVisible = 0;
			defaultConfigurationName = Release;
		};
/* End XCConfigurationList section */
	};
	rootObject = FBA069F72BAB18050001137D /* Project object */;
}
